
Microsoft Visual Studio Solution File, Format Version 12.00
# Visual Studio Version 16
VisualStudioVersion = 16.0.30204.135
MinimumVisualStudioVersion = 10.0.40219.1
Project("{FAE04EC0-301F-11D3-BF4B-00C04F79EFBC}") = "LogLibrary", "LogLibrary\LogLibrary.csproj", "{96B000DC-2B0F-4520-8585-AD85ACB94862}"
EndProject
Project("{FAE04EC0-301F-11D3-BF4B-00C04F79EFBC}") = "Logging", "Logging\Logging.csproj", "{206D4005-2E28-4948-8B56-01ADE33B9DA2}"
EndProject
Global
	GlobalSection(SolutionConfigurationPlatforms) = preSolution
		Debug|Any CPU = Debug|Any CPU
		Release|Any CPU = Release|Any CPU
	EndGlobalSection
	GlobalSection(ProjectConfigurationPlatforms) = postSolution
		{96B000DC-2B0F-4520-8585-AD85ACB94862}.Debug|Any CPU.ActiveCfg = Debug|Any CPU
		{96B000DC-2B0F-4520-8585-AD85ACB94862}.Debug|Any CPU.Build.0 = Debug|Any CPU
		{96B000DC-2B0F-4520-8585-AD85ACB94862}.Release|Any CPU.ActiveCfg = Release|Any CPU
		{96B000DC-2B0F-4520-8585-AD85ACB94862}.Release|Any CPU.Build.0 = Release|Any CPU
		{206D4005-2E28-4948-8B56-01ADE33B9DA2}.Debug|Any CPU.ActiveCfg = Debug|Any CPU
		{206D4005-2E28-4948-8B56-01ADE33B9DA2}.Debug|Any CPU.Build.0 = Debug|Any CPU
		{206D4005-2E28-4948-8B56-01ADE33B9DA2}.Release|Any CPU.ActiveCfg = Release|Any CPU
		{206D4005-2E28-4948-8B56-01ADE33B9DA2}.Release|Any CPU.Build.0 = Release|Any CPU
	EndGlobalSection
	GlobalSection(SolutionProperties) = preSolution
		HideSolutionNode = FALSE
	EndGlobalSection
	GlobalSection(ExtensibilityGlobals) = postSolution
		SolutionGuid = {D80CC496-FEAD-4C99-A724-07F1F7DD60CD}
	EndGlobalSection
EndGlobal
